// !$*UTF8*$!
{
	archiveVersion = 1;
	classes = {
	};
	objectVersion = 46;
	objects = {

/* Begin PBXBuildFile section */
		9031017714699C3900BD3439 /* JqueryJQTouch.bundle in Resources */ = {isa = PBXBuildFile; fileRef = 9031017614699C3900BD3439 /* JqueryJQTouch.bundle */; };
		9031017814699C3900BD3439 /* JqueryJQTouch.bundle in Resources */ = {isa = PBXBuildFile; fileRef = 9031017614699C3900BD3439 /* JqueryJQTouch.bundle */; };
		9031FFC1146992A100BD3439 /* UIKit.framework in Frameworks */ = {isa = PBXBuildFile; fileRef = 9031FFC0146992A100BD3439 /* UIKit.framework */; };
		9031FFC3146992A100BD3439 /* Foundation.framework in Frameworks */ = {isa = PBXBuildFile; fileRef = 9031FFC2146992A100BD3439 /* Foundation.framework */; };
		9031FFC5146992A100BD3439 /* CoreGraphics.framework in Frameworks */ = {isa = PBXBuildFile; fileRef = 9031FFC4146992A100BD3439 /* CoreGraphics.framework */; };
		9031FFCB146992A100BD3439 /* InfoPlist.strings in Resources */ = {isa = PBXBuildFile; fileRef = 9031FFC9146992A100BD3439 /* InfoPlist.strings */; };
		9031FFCD146992A100BD3439 /* main.m in Sources */ = {isa = PBXBuildFile; fileRef = 9031FFCC146992A100BD3439 /* main.m */; };
		9031FFD1146992A100BD3439 /* AppDelegate.m in Sources */ = {isa = PBXBuildFile; fileRef = 9031FFD0146992A100BD3439 /* AppDelegate.m */; };
		9031FFD4146992A100BD3439 /* MainStoryboard_iPhone.storyboard in Resources */ = {isa = PBXBuildFile; fileRef = 9031FFD2146992A100BD3439 /* MainStoryboard_iPhone.storyboard */; };
		9031FFD7146992A100BD3439 /* MainStoryboard_iPad.storyboard in Resources */ = {isa = PBXBuildFile; fileRef = 9031FFD5146992A100BD3439 /* MainStoryboard_iPad.storyboard */; };
		9031FFDA146992A100BD3439 /* ViewController.m in Sources */ = {isa = PBXBuildFile; fileRef = 9031FFD9146992A100BD3439 /* ViewController.m */; };
		9031FFE814699B2C00BD3439 /* CoreFoundation.framework in Frameworks */ = {isa = PBXBuildFile; fileRef = 9031FFE714699B2C00BD3439 /* CoreFoundation.framework */; };
/* End PBXBuildFile section */

/* Begin PBXFileReference section */
		9031017614699C3900BD3439 /* JqueryJQTouch.bundle */ = {isa = PBXFileReference; lastKnownFileType = "wrapper.plug-in"; path = JqueryJQTouch.bundle; sourceTree = "<group>"; };
		9031FFBC146992A100BD3439 /* JQTouchDemo.app */ = {isa = PBXFileReference; explicitFileType = wrapper.application; includeInIndex = 0; path = JQTouchDemo.app; sourceTree = BUILT_PRODUCTS_DIR; };
		9031FFC0146992A100BD3439 /* UIKit.framework */ = {isa = PBXFileReference; lastKnownFileType = wrapper.framework; name = UIKit.framework; path = System/Library/Frameworks/UIKit.framework; sourceTree = SDKROOT; };
		9031FFC2146992A100BD3439 /* Foundation.framework */ = {isa = PBXFileReference; lastKnownFileType = wrapper.framework; name = Foundation.framework; path = System/Library/Frameworks/Foundation.framework; sourceTree = SDKROOT; };
		9031FFC4146992A100BD3439 /* CoreGraphics.framework */ = {isa = PBXFileReference; lastKnownFileType = wrapper.framework; name = CoreGraphics.framework; path = System/Library/Frameworks/CoreGraphics.framework; sourceTree = SDKROOT; };
		9031FFC8146992A100BD3439 /* JQTouchDemo-Info.plist */ = {isa = PBXFileReference; lastKnownFileType = text.plist.xml; path = "JQTouchDemo-Info.plist"; sourceTree = "<group>"; };
		9031FFCA146992A100BD3439 /* en */ = {isa = PBXFileReference; lastKnownFileType = text.plist.strings; name = en; path = en.lproj/InfoPlist.strings; sourceTree = "<group>"; };
		9031FFCC146992A100BD3439 /* main.m */ = {isa = PBXFileReference; lastKnownFileType = sourcecode.c.objc; path = main.m; sourceTree = "<group>"; };
		9031FFCE146992A100BD3439 /* JQTouchDemo-Prefix.pch */ = {isa = PBXFileReference; lastKnownFileType = sourcecode.c.h; path = "JQTouchDemo-Prefix.pch"; sourceTree = "<group>"; };
		9031FFCF146992A100BD3439 /* AppDelegate.h */ = {isa = PBXFileReference; lastKnownFileType = sourcecode.c.h; path = AppDelegate.h; sourceTree = "<group>"; };
		9031FFD0146992A100BD3439 /* AppDelegate.m */ = {isa = PBXFileReference; lastKnownFileType = sourcecode.c.objc; path = AppDelegate.m; sourceTree = "<group>"; };
		9031FFD3146992A100BD3439 /* en */ = {isa = PBXFileReference; lastKnownFileType = file.storyboard; name = en; path = en.lproj/MainStoryboard_iPhone.storyboard; sourceTree = "<group>"; };
		9031FFD6146992A100BD3439 /* en */ = {isa = PBXFileReference; lastKnownFileType = file.storyboard; name = en; path = en.lproj/MainStoryboard_iPad.storyboard; sourceTree = "<group>"; };
		9031FFD8146992A100BD3439 /* ViewController.h */ = {isa = PBXFileReference; lastKnownFileType = sourcecode.c.h; path = ViewController.h; sourceTree = "<group>"; };
		9031FFD9146992A100BD3439 /* ViewController.m */ = {isa = PBXFileReference; lastKnownFileType = sourcecode.c.objc; path = ViewController.m; sourceTree = "<group>"; };
		9031FFE614699B2C00BD3439 /* SimpleWebView.bundle */ = {isa = PBXFileReference; explicitFileType = wrapper.cfbundle; includeInIndex = 0; path = SimpleWebView.bundle; sourceTree = BUILT_PRODUCTS_DIR; };
		9031FFE714699B2C00BD3439 /* CoreFoundation.framework */ = {isa = PBXFileReference; lastKnownFileType = wrapper.framework; name = CoreFoundation.framework; path = System/Library/Frameworks/CoreFoundation.framework; sourceTree = SDKROOT; };
/* End PBXFileReference section */

/* Begin PBXFrameworksBuildPhase section */
		9031FFB9146992A100BD3439 /* Frameworks */ = {
			isa = PBXFrameworksBuildPhase;
			buildActionMask = 2147483647;
			files = (
				9031FFC1146992A100BD3439 /* UIKit.framework in Frameworks */,
				9031FFC3146992A100BD3439 /* Foundation.framework in Frameworks */,
				9031FFC5146992A100BD3439 /* CoreGraphics.framework in Frameworks */,
			);
			runOnlyForDeploymentPostprocessing = 0;
		};
		9031FFE314699B2C00BD3439 /* Frameworks */ = {
			isa = PBXFrameworksBuildPhase;
			buildActionMask = 2147483647;
			files = (
				9031FFE814699B2C00BD3439 /* CoreFoundation.framework in Frameworks */,
			);
			runOnlyForDeploymentPostprocessing = 0;
		};
/* End PBXFrameworksBuildPhase section */

/* Begin PBXGroup section */
		9031FFB1146992A100BD3439 = {
			isa = PBXGroup;
			children = (
				9031FFC6146992A100BD3439 /* JQTouchDemo */,
				9031FFBF146992A100BD3439 /* Frameworks */,
				9031FFBD146992A100BD3439 /* Products */,
			);
			sourceTree = "<group>";
		};
		9031FFBD146992A100BD3439 /* Products */ = {
			isa = PBXGroup;
			children = (
				9031FFBC146992A100BD3439 /* JQTouchDemo.app */,
				9031FFE614699B2C00BD3439 /* SimpleWebView.bundle */,
			);
			name = Products;
			sourceTree = "<group>";
		};
		9031FFBF146992A100BD3439 /* Frameworks */ = {
			isa = PBXGroup;
			children = (
				9031FFC0146992A100BD3439 /* UIKit.framework */,
				9031FFC2146992A100BD3439 /* Foundation.framework */,
				9031FFC4146992A100BD3439 /* CoreGraphics.framework */,
				9031FFE714699B2C00BD3439 /* CoreFoundation.framework */,
			);
			name = Frameworks;
			sourceTree = "<group>";
		};
		9031FFC6146992A100BD3439 /* JQTouchDemo */ = {
			isa = PBXGroup;
			children = (
				9031FFE0146992F800BD3439 /* Controllers */,
				9031FFCF146992A100BD3439 /* AppDelegate.h */,
				9031FFD0146992A100BD3439 /* AppDelegate.m */,
				9031FFD2146992A100BD3439 /* MainStoryboard_iPhone.storyboard */,
				9031FFD5146992A100BD3439 /* MainStoryboard_iPad.storyboard */,
				9031FFD8146992A100BD3439 /* ViewController.h */,
				9031FFD9146992A100BD3439 /* ViewController.m */,
				9031FFC7146992A100BD3439 /* Supporting Files */,
			);
			path = JQTouchDemo;
			sourceTree = "<group>";
		};
		9031FFC7146992A100BD3439 /* Supporting Files */ = {
			isa = PBXGroup;
			children = (
				9031017614699C3900BD3439 /* JqueryJQTouch.bundle */,
				9031FFC8146992A100BD3439 /* JQTouchDemo-Info.plist */,
				9031FFC9146992A100BD3439 /* InfoPlist.strings */,
				9031FFCC146992A100BD3439 /* main.m */,
				9031FFCE146992A100BD3439 /* JQTouchDemo-Prefix.pch */,
			);
			name = "Supporting Files";
			sourceTree = "<group>";
		};
		9031FFE0146992F800BD3439 /* Controllers */ = {
			isa = PBXGroup;
			children = (
			);
			name = Controllers;
			sourceTree = "<group>";
		};
/* End PBXGroup section */

/* Begin PBXNativeTarget section */
		9031FFBB146992A100BD3439 /* JQTouchDemo */ = {
			isa = PBXNativeTarget;
			buildConfigurationList = 9031FFDD146992A100BD3439 /* Build configuration list for PBXNativeTarget "JQTouchDemo" */;
			buildPhases = (
				9031FFB8146992A100BD3439 /* Sources */,
				9031FFB9146992A100BD3439 /* Frameworks */,
				9031FFBA146992A100BD3439 /* Resources */,
			);
			buildRules = (
			);
			dependencies = (
			);
			name = JQTouchDemo;
			productName = JQTouchDemo;
			productReference = 9031FFBC146992A100BD3439 /* JQTouchDemo.app */;
			productType = "com.apple.product-type.application";
		};
		9031FFE514699B2C00BD3439 /* SimpleWebView */ = {
			isa = PBXNativeTarget;
			buildConfigurationList = 9031FFF014699B2C00BD3439 /* Build configuration list for PBXNativeTarget "SimpleWebView" */;
			buildPhases = (
				9031FFE214699B2C00BD3439 /* Sources */,
				9031FFE314699B2C00BD3439 /* Frameworks */,
				9031FFE414699B2C00BD3439 /* Resources */,
			);
			buildRules = (
			);
			dependencies = (
			);
			name = SimpleWebView;
			productName = SimpleWebView;
			productReference = 9031FFE614699B2C00BD3439 /* SimpleWebView.bundle */;
			productType = "com.apple.product-type.bundle";
		};
/* End PBXNativeTarget section */

/* Begin PBXProject section */
		9031FFB3146992A100BD3439 /* Project object */ = {
			isa = PBXProject;
			attributes = {
				LastUpgradeCheck = 0420;
			};
			buildConfigurationList = 9031FFB6146992A100BD3439 /* Build configuration list for PBXProject "JQTouchDemo" */;
			compatibilityVersion = "Xcode 3.2";
			developmentRegion = English;
			hasScannedForEncodings = 0;
			knownRegions = (
				en,
			);
			mainGroup = 9031FFB1146992A100BD3439;
			productRefGroup = 9031FFBD146992A100BD3439 /* Products */;
			projectDirPath = "";
			projectRoot = "";
			targets = (
				9031FFBB146992A100BD3439 /* JQTouchDemo */,
				9031FFE514699B2C00BD3439 /* SimpleWebView */,
			);
		};
/* End PBXProject section */

/* Begin PBXResourcesBuildPhase section */
		9031FFBA146992A100BD3439 /* Resources */ = {
			isa = PBXResourcesBuildPhase;
			buildActionMask = 2147483647;
			files = (
				9031FFCB146992A100BD3439 /* InfoPlist.strings in Resources */,
				9031FFD4146992A100BD3439 /* MainStoryboard_iPhone.storyboard in Resources */,
				9031FFD7146992A100BD3439 /* MainStoryboard_iPad.storyboard in Resources */,
				9031017714699C3900BD3439 /* JqueryJQTouch.bundle in Resources */,
			);
			runOnlyForDeploymentPostprocessing = 0;
		};
		9031FFE414699B2C00BD3439 /* Resources */ = {
			isa = PBXResourcesBuildPhase;
			buildActionMask = 2147483647;
			files = (
				9031017814699C3900BD3439 /* JqueryJQTouch.bundle in Resources */,
			);
			runOnlyForDeploymentPostprocessing = 0;
		};
/* End PBXResourcesBuildPhase section */

/* Begin PBXSourcesBuildPhase section */
		9031FFB8146992A100BD3439 /* Sources */ = {
			isa = PBXSourcesBuildPhase;
			buildActionMask = 2147483647;
			files = (
				9031FFCD146992A100BD3439 /* main.m in Sources */,
				9031FFD1146992A100BD3439 /* AppDelegate.m in Sources */,
				9031FFDA146992A100BD3439 /* ViewController.m in Sources */,
			);
			runOnlyForDeploymentPostprocessing = 0;
		};
		9031FFE214699B2C00BD3439 /* Sources */ = {
			isa = PBXSourcesBuildPhase;
			buildActionMask = 2147483647;
			files = (
			);
			runOnlyForDeploymentPostprocessing = 0;
		};
/* End PBXSourcesBuildPhase section */

/* Begin PBXVariantGroup section */
		9031FFC9146992A100BD3439 /* InfoPlist.strings */ = {
			isa = PBXVariantGroup;
			children = (
				9031FFCA146992A100BD3439 /* en */,
			);
			name = InfoPlist.strings;
			sourceTree = "<group>";
		};
		9031FFD2146992A100BD3439 /* MainStoryboard_iPhone.storyboard */ = {
			isa = PBXVariantGroup;
			children = (
				9031FFD3146992A100BD3439 /* en */,
			);
			name = MainStoryboard_iPhone.storyboard;
			sourceTree = "<group>";
		};
		9031FFD5146992A100BD3439 /* MainStoryboard_iPad.storyboard */ = {
			isa = PBXVariantGroup;
			children = (
				9031FFD6146992A100BD3439 /* en */,
			);
			name = MainStoryboard_iPad.storyboard;
			sourceTree = "<group>";
		};
/* End PBXVariantGroup section */

/* Begin XCBuildConfiguration section */
		9031FFDB146992A100BD3439 /* Debug */ = {
			isa = XCBuildConfiguration;
			buildSettings = {
				ALWAYS_SEARCH_USER_PATHS = NO;
				ARCHS = "$(ARCHS_STANDARD_32_BIT)";
				CLANG_ENABLE_OBJC_ARC = YES;
				"CODE_SIGN_IDENTITY[sdk=iphoneos*]" = "iPhone Developer";
				COPY_PHASE_STRIP = NO;
				GCC_C_LANGUAGE_STANDARD = gnu99;
				GCC_DYNAMIC_NO_PIC = NO;
				GCC_OPTIMIZATION_LEVEL = 0;
				GCC_PREPROCESSOR_DEFINITIONS = (
					"DEBUG=1",
					"$(inherited)",
				);
				GCC_SYMBOLS_PRIVATE_EXTERN = NO;
				GCC_VERSION = com.apple.compilers.llvm.clang.1_0;
				GCC_WARN_ABOUT_MISSING_PROTOTYPES = YES;
				GCC_WARN_ABOUT_RETURN_TYPE = YES;
				GCC_WARN_UNUSED_VARIABLE = YES;
				IPHONEOS_DEPLOYMENT_TARGET = 5.0;
				SDKROOT = iphoneos;
				TARGETED_DEVICE_FAMILY = "1,2";
			};
			name = Debug;
		};
		9031FFDC146992A100BD3439 /* Release */ = {
			isa = XCBuildConfiguration;
			buildSettings = {
				ALWAYS_SEARCH_USER_PATHS = NO;
				ARCHS = "$(ARCHS_STANDARD_32_BIT)";
				CLANG_ENABLE_OBJC_ARC = YES;
				"CODE_SIGN_IDENTITY[sdk=iphoneos*]" = "iPhone Developer";
				COPY_PHASE_STRIP = YES;
				GCC_C_LANGUAGE_STANDARD = gnu99;
				GCC_VERSION = com.apple.compilers.llvm.clang.1_0;
				GCC_WARN_ABOUT_MISSING_PROTOTYPES = YES;
				GCC_WARN_ABOUT_RETURN_TYPE = YES;
				GCC_WARN_UNUSED_VARIABLE = YES;
				IPHONEOS_DEPLOYMENT_TARGET = 5.0;
				OTHER_CFLAGS = "-DNS_BLOCK_ASSERTIONS=1";
				SDKROOT = iphoneos;
				TARGETED_DEVICE_FAMILY = "1,2";
				VALIDATE_PRODUCT = YES;
			};
			name = Release;
		};
		9031FFDE146992A100BD3439 /* Debug */ = {
			isa = XCBuildConfiguration;
			buildSettings = {
				GCC_PRECOMPILE_PREFIX_HEADER = YES;
				GCC_PREFIX_HEADER = "JQTouchDemo/JQTouchDemo-Prefix.pch";
				INFOPLIST_FILE = "JQTouchDemo/JQTouchDemo-Info.plist";
				PRODUCT_NAME = "$(TARGET_NAME)";
				WRAPPER_EXTENSION = app;
			};
			name = Debug;
		};
		9031FFDF146992A100BD3439 /* Release */ = {
			isa = XCBuildConfiguration;
			buildSettings = {
				GCC_PRECOMPILE_PREFIX_HEADER = YES;
				GCC_PREFIX_HEADER = "JQTouchDemo/JQTouchDemo-Prefix.pch";
				INFOPLIST_FILE = "JQTouchDemo/JQTouchDemo-Info.plist";
				PRODUCT_NAME = "$(TARGET_NAME)";
				WRAPPER_EXTENSION = app;
			};
			name = Release;
		};
		9031FFF114699B2C00BD3439 /* Debug */ = {
			isa = XCBuildConfiguration;
			buildSettings = {
				ARCHS = "$(ARCHS_STANDARD_64_BIT)";
				GCC_ENABLE_OBJC_EXCEPTIONS = YES;
				GCC_PRECOMPILE_PREFIX_HEADER = YES;
				GCC_PREFIX_HEADER = "SimpleWebView/SimpleWebView-Prefix.pch";
				GCC_WARN_64_TO_32_BIT_CONVERSION = YES;
				INFOPLIST_FILE = "SimpleWebView/SimpleWebView-Info.plist";
				INSTALL_PATH = "$(LOCAL_LIBRARY_DIR)/Bundles";
				MACOSX_DEPLOYMENT_TARGET = 10.6;
				ONLY_ACTIVE_ARCH = YES;
				PRODUCT_NAME = "$(TARGET_NAME)";
				SDKROOT = macosx;
				WRAPPER_EXTENSION = bundle;
			};
			name = Debug;
		};
		9031FFF214699B2C00BD3439 /* Release */ = {
			isa = XCBuildConfiguration;
			buildSettings = {
				ARCHS = "$(ARCHS_STANDARD_64_BIT)";
				DEBUG_INFORMATION_FORMAT = "dwarf-with-dsym";
				GCC_ENABLE_OBJC_EXCEPTIONS = YES;
				GCC_PRECOMPILE_PREFIX_HEADER = YES;
				GCC_PREFIX_HEADER = "SimpleWebView/SimpleWebView-Prefix.pch";
				GCC_WARN_64_TO_32_BIT_CONVERSION = YES;
				INFOPLIST_FILE = "SimpleWebView/SimpleWebView-Info.plist";
				INSTALL_PATH = "$(LOCAL_LIBRARY_DIR)/Bundles";
				MACOSX_DEPLOYMENT_TARGET = 10.6;
				PRODUCT_NAME = "$(TARGET_NAME)";
				SDKROOT = macosx;
				WRAPPER_EXTENSION = bundle;
			};
			name = Release;
		};
/* End XCBuildConfiguration section */

/* Begin XCConfigurationList section */
		9031FFB6146992A100BD3439 /* Build configuration list for PBXProject "JQTouchDemo" */ = {
			isa = XCConfigurationList;
			buildConfigurations = (
				9031FFDB146992A100BD3439 /* Debug */,
				9031FFDC146992A100BD3439 /* Release */,
			);
			defaultConfigurationIsVisible = 0;
			defaultConfigurationName = Release;
		};
		9031FFDD146992A100BD3439 /* Build configuration list for PBXNativeTarget "JQTouchDemo" */ = {
			isa = XCConfigurationList;
			buildConfigurations = (
				9031FFDE146992A100BD3439 /* Debug */,
				9031FFDF146992A100BD3439 /* Release */,
			);
			defaultConfigurationIsVisible = 0;
		};
		9031FFF014699B2C00BD3439 /* Build configuration list for PBXNativeTarget "SimpleWebView" */ = {
			isa = XCConfigurationList;
			buildConfigurations = (
				9031FFF114699B2C00BD3439 /* Debug */,
				9031FFF214699B2C00BD3439 /* Release */,
			);
			defaultConfigurationIsVisible = 0;
		};
/* End XCConfigurationList section */
	};
	rootObject = 9031FFB3146992A100BD3439 /* Project object */;
}
