// !$*UTF8*$!
{
	archiveVersion = 1;
	classes = {
	};
	objectVersion = 46;
	objects = {

/* Begin PBXBuildFile section */
		90310306146AAB4D00BD3439 /* Foundation.framework in Frameworks */ = {isa = PBXBuildFile; fileRef = 90310305146AAB4D00BD3439 /* Foundation.framework */; };
		90310308146AAB4D00BD3439 /* UIKit.framework in Frameworks */ = {isa = PBXBuildFile; fileRef = 90310307146AAB4D00BD3439 /* UIKit.framework */; };
		9031030A146AAB4D00BD3439 /* CoreGraphics.framework in Frameworks */ = {isa = PBXBuildFile; fileRef = 90310309146AAB4D00BD3439 /* CoreGraphics.framework */; };
		9031030C146AAB4D00BD3439 /* AddressBook.framework in Frameworks */ = {isa = PBXBuildFile; fileRef = 9031030B146AAB4D00BD3439 /* AddressBook.framework */; };
		9031030E146AAB4D00BD3439 /* AddressBookUI.framework in Frameworks */ = {isa = PBXBuildFile; fileRef = 9031030D146AAB4D00BD3439 /* AddressBookUI.framework */; };
		90310310146AAB4D00BD3439 /* AudioToolbox.framework in Frameworks */ = {isa = PBXBuildFile; fileRef = 9031030F146AAB4D00BD3439 /* AudioToolbox.framework */; };
		90310312146AAB4D00BD3439 /* AVFoundation.framework in Frameworks */ = {isa = PBXBuildFile; fileRef = 90310311146AAB4D00BD3439 /* AVFoundation.framework */; };
		90310314146AAB4D00BD3439 /* CoreLocation.framework in Frameworks */ = {isa = PBXBuildFile; fileRef = 90310313146AAB4D00BD3439 /* CoreLocation.framework */; };
		90310316146AAB4D00BD3439 /* MediaPlayer.framework in Frameworks */ = {isa = PBXBuildFile; fileRef = 90310315146AAB4D00BD3439 /* MediaPlayer.framework */; };
		90310318146AAB4D00BD3439 /* QuartzCore.framework in Frameworks */ = {isa = PBXBuildFile; fileRef = 90310317146AAB4D00BD3439 /* QuartzCore.framework */; };
		9031031A146AAB4D00BD3439 /* SystemConfiguration.framework in Frameworks */ = {isa = PBXBuildFile; fileRef = 90310319146AAB4D00BD3439 /* SystemConfiguration.framework */; };
		9031031C146AAB4D00BD3439 /* MobileCoreServices.framework in Frameworks */ = {isa = PBXBuildFile; fileRef = 9031031B146AAB4D00BD3439 /* MobileCoreServices.framework */; };
		9031031E146AAB4D00BD3439 /* CoreMedia.framework in Frameworks */ = {isa = PBXBuildFile; fileRef = 9031031D146AAB4D00BD3439 /* CoreMedia.framework */; };
		90310324146AAB4D00BD3439 /* InfoPlist.strings in Resources */ = {isa = PBXBuildFile; fileRef = 90310322146AAB4D00BD3439 /* InfoPlist.strings */; };
		90310326146AAB4D00BD3439 /* main.m in Sources */ = {isa = PBXBuildFile; fileRef = 90310325146AAB4D00BD3439 /* main.m */; };
		90310329146AAB4D00BD3439 /* PhoneGap.framework in Frameworks */ = {isa = PBXBuildFile; fileRef = 90310328146AAB4D00BD3439 /* PhoneGap.framework */; };
		9031032E146AAB4D00BD3439 /* Localizable.strings in Resources */ = {isa = PBXBuildFile; fileRef = 9031032C146AAB4D00BD3439 /* Localizable.strings */; };
		90310332146AAB4D00BD3439 /* Localizable.strings in Resources */ = {isa = PBXBuildFile; fileRef = 90310330146AAB4D00BD3439 /* Localizable.strings */; };
		90310335146AAB4D00BD3439 /* icon.png in Resources */ = {isa = PBXBuildFile; fileRef = 90310334146AAB4D00BD3439 /* icon.png */; };
		90310337146AAB4D00BD3439 /* icon@2x.png in Resources */ = {isa = PBXBuildFile; fileRef = 90310336146AAB4D00BD3439 /* icon@2x.png */; };
		90310339146AAB4D00BD3439 /* icon-72.png in Resources */ = {isa = PBXBuildFile; fileRef = 90310338146AAB4D00BD3439 /* icon-72.png */; };
		9031033C146AAB4D00BD3439 /* Default.png in Resources */ = {isa = PBXBuildFile; fileRef = 9031033B146AAB4D00BD3439 /* Default.png */; };
		9031033E146AAB4D00BD3439 /* Default@2x.png in Resources */ = {isa = PBXBuildFile; fileRef = 9031033D146AAB4D00BD3439 /* Default@2x.png */; };
		90310340146AAB4D00BD3439 /* Capture.bundle in Resources */ = {isa = PBXBuildFile; fileRef = 9031033F146AAB4D00BD3439 /* Capture.bundle */; };
		90310342146AAB4D00BD3439 /* PhoneGap.plist in Resources */ = {isa = PBXBuildFile; fileRef = 90310341146AAB4D00BD3439 /* PhoneGap.plist */; };
		90310346146AAB4D00BD3439 /* AppDelegate.m in Sources */ = {isa = PBXBuildFile; fileRef = 90310345146AAB4D00BD3439 /* AppDelegate.m */; };
		90310351146AAC9000BD3439 /* index.html in Resources */ = {isa = PBXBuildFile; fileRef = 9031034F146AAC9000BD3439 /* index.html */; };
		90310352146AAC9000BD3439 /* phonegap-1.2.0.js in Sources */ = {isa = PBXBuildFile; fileRef = 90310350146AAC9000BD3439 /* phonegap-1.2.0.js */; };
/* End PBXBuildFile section */

/* Begin PBXFileReference section */
		90310301146AAB4D00BD3439 /* PhoneGapPOC.app */ = {isa = PBXFileReference; explicitFileType = wrapper.application; includeInIndex = 0; path = PhoneGapPOC.app; sourceTree = BUILT_PRODUCTS_DIR; };
		90310305146AAB4D00BD3439 /* Foundation.framework */ = {isa = PBXFileReference; lastKnownFileType = wrapper.framework; name = Foundation.framework; path = System/Library/Frameworks/Foundation.framework; sourceTree = SDKROOT; };
		90310307146AAB4D00BD3439 /* UIKit.framework */ = {isa = PBXFileReference; lastKnownFileType = wrapper.framework; name = UIKit.framework; path = System/Library/Frameworks/UIKit.framework; sourceTree = SDKROOT; };
		90310309146AAB4D00BD3439 /* CoreGraphics.framework */ = {isa = PBXFileReference; lastKnownFileType = wrapper.framework; name = CoreGraphics.framework; path = System/Library/Frameworks/CoreGraphics.framework; sourceTree = SDKROOT; };
		9031030B146AAB4D00BD3439 /* AddressBook.framework */ = {isa = PBXFileReference; lastKnownFileType = wrapper.framework; name = AddressBook.framework; path = System/Library/Frameworks/AddressBook.framework; sourceTree = SDKROOT; };
		9031030D146AAB4D00BD3439 /* AddressBookUI.framework */ = {isa = PBXFileReference; lastKnownFileType = wrapper.framework; name = AddressBookUI.framework; path = System/Library/Frameworks/AddressBookUI.framework; sourceTree = SDKROOT; };
		9031030F146AAB4D00BD3439 /* AudioToolbox.framework */ = {isa = PBXFileReference; lastKnownFileType = wrapper.framework; name = AudioToolbox.framework; path = System/Library/Frameworks/AudioToolbox.framework; sourceTree = SDKROOT; };
		90310311146AAB4D00BD3439 /* AVFoundation.framework */ = {isa = PBXFileReference; lastKnownFileType = wrapper.framework; name = AVFoundation.framework; path = System/Library/Frameworks/AVFoundation.framework; sourceTree = SDKROOT; };
		90310313146AAB4D00BD3439 /* CoreLocation.framework */ = {isa = PBXFileReference; lastKnownFileType = wrapper.framework; name = CoreLocation.framework; path = System/Library/Frameworks/CoreLocation.framework; sourceTree = SDKROOT; };
		90310315146AAB4D00BD3439 /* MediaPlayer.framework */ = {isa = PBXFileReference; lastKnownFileType = wrapper.framework; name = MediaPlayer.framework; path = System/Library/Frameworks/MediaPlayer.framework; sourceTree = SDKROOT; };
		90310317146AAB4D00BD3439 /* QuartzCore.framework */ = {isa = PBXFileReference; lastKnownFileType = wrapper.framework; name = QuartzCore.framework; path = System/Library/Frameworks/QuartzCore.framework; sourceTree = SDKROOT; };
		90310319146AAB4D00BD3439 /* SystemConfiguration.framework */ = {isa = PBXFileReference; lastKnownFileType = wrapper.framework; name = SystemConfiguration.framework; path = System/Library/Frameworks/SystemConfiguration.framework; sourceTree = SDKROOT; };
		9031031B146AAB4D00BD3439 /* MobileCoreServices.framework */ = {isa = PBXFileReference; lastKnownFileType = wrapper.framework; name = MobileCoreServices.framework; path = System/Library/Frameworks/MobileCoreServices.framework; sourceTree = SDKROOT; };
		9031031D146AAB4D00BD3439 /* CoreMedia.framework */ = {isa = PBXFileReference; lastKnownFileType = wrapper.framework; name = CoreMedia.framework; path = System/Library/Frameworks/CoreMedia.framework; sourceTree = SDKROOT; };
		90310321146AAB4D00BD3439 /* PhoneGapPOC-Info.plist */ = {isa = PBXFileReference; lastKnownFileType = text.plist.xml; path = "PhoneGapPOC-Info.plist"; sourceTree = "<group>"; };
		90310323146AAB4D00BD3439 /* en */ = {isa = PBXFileReference; lastKnownFileType = text.plist.strings; name = en; path = en.lproj/InfoPlist.strings; sourceTree = "<group>"; };
		90310325146AAB4D00BD3439 /* main.m */ = {isa = PBXFileReference; lastKnownFileType = sourcecode.c.objc; path = main.m; sourceTree = "<group>"; };
		90310327146AAB4D00BD3439 /* PhoneGapPOC-Prefix.pch */ = {isa = PBXFileReference; lastKnownFileType = sourcecode.c.h; path = "PhoneGapPOC-Prefix.pch"; sourceTree = "<group>"; };
		90310328146AAB4D00BD3439 /* PhoneGap.framework */ = {isa = PBXFileReference; lastKnownFileType = wrapper.framework; name = PhoneGap.framework; path = /Users/Shared/PhoneGap/Frameworks/PhoneGap.framework; sourceTree = "<absolute>"; };
		9031032D146AAB4D00BD3439 /* en */ = {isa = PBXFileReference; lastKnownFileType = text.plist.strings; name = en; path = Resources/en.lproj/Localizable.strings; sourceTree = "<group>"; };
		90310331146AAB4D00BD3439 /* es */ = {isa = PBXFileReference; lastKnownFileType = text.plist.strings; name = es; path = Resources/es.lproj/Localizable.strings; sourceTree = "<group>"; };
		90310334146AAB4D00BD3439 /* icon.png */ = {isa = PBXFileReference; lastKnownFileType = image.png; name = icon.png; path = Resources/icons/icon.png; sourceTree = "<group>"; };
		90310336146AAB4D00BD3439 /* icon@2x.png */ = {isa = PBXFileReference; lastKnownFileType = image.png; name = "icon@2x.png"; path = "Resources/icons/icon@2x.png"; sourceTree = "<group>"; };
		90310338146AAB4D00BD3439 /* icon-72.png */ = {isa = PBXFileReference; lastKnownFileType = image.png; name = "icon-72.png"; path = "Resources/icons/icon-72.png"; sourceTree = "<group>"; };
		9031033B146AAB4D00BD3439 /* Default.png */ = {isa = PBXFileReference; lastKnownFileType = image.png; name = Default.png; path = Resources/splash/Default.png; sourceTree = "<group>"; };
		9031033D146AAB4D00BD3439 /* Default@2x.png */ = {isa = PBXFileReference; lastKnownFileType = image.png; name = "Default@2x.png"; path = "Resources/splash/Default@2x.png"; sourceTree = "<group>"; };
		9031033F146AAB4D00BD3439 /* Capture.bundle */ = {isa = PBXFileReference; lastKnownFileType = "wrapper.plug-in"; name = Capture.bundle; path = Resources/Capture.bundle; sourceTree = "<group>"; };
		90310341146AAB4D00BD3439 /* PhoneGap.plist */ = {isa = PBXFileReference; lastKnownFileType = text.plist.xml; path = PhoneGap.plist; sourceTree = "<group>"; };
		90310344146AAB4D00BD3439 /* AppDelegate.h */ = {isa = PBXFileReference; lastKnownFileType = sourcecode.c.h; name = AppDelegate.h; path = Classes/AppDelegate.h; sourceTree = "<group>"; };
		90310345146AAB4D00BD3439 /* AppDelegate.m */ = {isa = PBXFileReference; lastKnownFileType = sourcecode.c.objc; name = AppDelegate.m; path = Classes/AppDelegate.m; sourceTree = "<group>"; };
		90310348146AAB4D00BD3439 /* README */ = {isa = PBXFileReference; lastKnownFileType = text; name = README; path = Plugins/README; sourceTree = "<group>"; };
		9031034F146AAC9000BD3439 /* index.html */ = {isa = PBXFileReference; fileEncoding = 4; lastKnownFileType = text.html; path = index.html; sourceTree = "<group>"; };
		90310350146AAC9000BD3439 /* phonegap-1.2.0.js */ = {isa = PBXFileReference; fileEncoding = 4; lastKnownFileType = sourcecode.javascript; path = "phonegap-1.2.0.js"; sourceTree = "<group>"; };
/* End PBXFileReference section */

/* Begin PBXFrameworksBuildPhase section */
		903102FB146AAB4D00BD3439 /* Frameworks */ = {
			isa = PBXFrameworksBuildPhase;
			buildActionMask = 2147483647;
			files = (
				90310306146AAB4D00BD3439 /* Foundation.framework in Frameworks */,
				90310308146AAB4D00BD3439 /* UIKit.framework in Frameworks */,
				9031030A146AAB4D00BD3439 /* CoreGraphics.framework in Frameworks */,
				9031030C146AAB4D00BD3439 /* AddressBook.framework in Frameworks */,
				9031030E146AAB4D00BD3439 /* AddressBookUI.framework in Frameworks */,
				90310310146AAB4D00BD3439 /* AudioToolbox.framework in Frameworks */,
				90310312146AAB4D00BD3439 /* AVFoundation.framework in Frameworks */,
				90310314146AAB4D00BD3439 /* CoreLocation.framework in Frameworks */,
				90310316146AAB4D00BD3439 /* MediaPlayer.framework in Frameworks */,
				90310318146AAB4D00BD3439 /* QuartzCore.framework in Frameworks */,
				9031031A146AAB4D00BD3439 /* SystemConfiguration.framework in Frameworks */,
				9031031C146AAB4D00BD3439 /* MobileCoreServices.framework in Frameworks */,
				9031031E146AAB4D00BD3439 /* CoreMedia.framework in Frameworks */,
				90310329146AAB4D00BD3439 /* PhoneGap.framework in Frameworks */,
			);
			runOnlyForDeploymentPostprocessing = 0;
		};
		903102FE146AAB4D00BD3439 /* Frameworks */ = {
			isa = PBXFrameworksBuildPhase;
			buildActionMask = 2147483647;
			files = (
			);
			runOnlyForDeploymentPostprocessing = 0;
		};
/* End PBXFrameworksBuildPhase section */

/* Begin PBXGroup section */
		903102F3146AAB4D00BD3439 = {
			isa = PBXGroup;
			children = (
				9031031F146AAB4D00BD3439 /* PhoneGapPOC */,
				90310304146AAB4D00BD3439 /* Frameworks */,
				90310302146AAB4D00BD3439 /* Products */,
			);
			sourceTree = "<group>";
		};
		90310302146AAB4D00BD3439 /* Products */ = {
			isa = PBXGroup;
			children = (
				90310301146AAB4D00BD3439 /* PhoneGapPOC.app */,
			);
			name = Products;
			sourceTree = "<group>";
		};
		90310304146AAB4D00BD3439 /* Frameworks */ = {
			isa = PBXGroup;
			children = (
				90310305146AAB4D00BD3439 /* Foundation.framework */,
				90310307146AAB4D00BD3439 /* UIKit.framework */,
				90310309146AAB4D00BD3439 /* CoreGraphics.framework */,
				9031030B146AAB4D00BD3439 /* AddressBook.framework */,
				9031030D146AAB4D00BD3439 /* AddressBookUI.framework */,
				9031030F146AAB4D00BD3439 /* AudioToolbox.framework */,
				90310311146AAB4D00BD3439 /* AVFoundation.framework */,
				90310313146AAB4D00BD3439 /* CoreLocation.framework */,
				90310315146AAB4D00BD3439 /* MediaPlayer.framework */,
				90310317146AAB4D00BD3439 /* QuartzCore.framework */,
				90310319146AAB4D00BD3439 /* SystemConfiguration.framework */,
				9031031B146AAB4D00BD3439 /* MobileCoreServices.framework */,
				9031031D146AAB4D00BD3439 /* CoreMedia.framework */,
			);
			name = Frameworks;
			sourceTree = "<group>";
		};
		9031031F146AAB4D00BD3439 /* PhoneGapPOC */ = {
			isa = PBXGroup;
			children = (
				9031034E146AAC9000BD3439 /* www */,
				90310328146AAB4D00BD3439 /* PhoneGap.framework */,
				9031032A146AAB4D00BD3439 /* Resources */,
				90310343146AAB4D00BD3439 /* Classes */,
				90310347146AAB4D00BD3439 /* Plugins */,
				90310320146AAB4D00BD3439 /* Supporting Files */,
			);
			path = PhoneGapPOC;
			sourceTree = "<group>";
		};
		90310320146AAB4D00BD3439 /* Supporting Files */ = {
			isa = PBXGroup;
			children = (
				90310321146AAB4D00BD3439 /* PhoneGapPOC-Info.plist */,
				90310322146AAB4D00BD3439 /* InfoPlist.strings */,
				90310325146AAB4D00BD3439 /* main.m */,
				90310327146AAB4D00BD3439 /* PhoneGapPOC-Prefix.pch */,
				90310341146AAB4D00BD3439 /* PhoneGap.plist */,
			);
			name = "Supporting Files";
			sourceTree = "<group>";
		};
		9031032A146AAB4D00BD3439 /* Resources */ = {
			isa = PBXGroup;
			children = (
				9031033F146AAB4D00BD3439 /* Capture.bundle */,
				9031032B146AAB4D00BD3439 /* en.lproj */,
				9031032F146AAB4D00BD3439 /* es.lproj */,
				90310333146AAB4D00BD3439 /* icons */,
				9031033A146AAB4D00BD3439 /* splash */,
			);
			name = Resources;
			sourceTree = "<group>";
		};
		9031032B146AAB4D00BD3439 /* en.lproj */ = {
			isa = PBXGroup;
			children = (
				9031032C146AAB4D00BD3439 /* Localizable.strings */,
			);
			name = en.lproj;
			sourceTree = "<group>";
		};
		9031032F146AAB4D00BD3439 /* es.lproj */ = {
			isa = PBXGroup;
			children = (
				90310330146AAB4D00BD3439 /* Localizable.strings */,
			);
			name = es.lproj;
			sourceTree = "<group>";
		};
		90310333146AAB4D00BD3439 /* icons */ = {
			isa = PBXGroup;
			children = (
				90310334146AAB4D00BD3439 /* icon.png */,
				90310336146AAB4D00BD3439 /* icon@2x.png */,
				90310338146AAB4D00BD3439 /* icon-72.png */,
			);
			name = icons;
			sourceTree = "<group>";
		};
		9031033A146AAB4D00BD3439 /* splash */ = {
			isa = PBXGroup;
			children = (
				9031033B146AAB4D00BD3439 /* Default.png */,
				9031033D146AAB4D00BD3439 /* Default@2x.png */,
			);
			name = splash;
			sourceTree = "<group>";
		};
		90310343146AAB4D00BD3439 /* Classes */ = {
			isa = PBXGroup;
			children = (
				90310344146AAB4D00BD3439 /* AppDelegate.h */,
				90310345146AAB4D00BD3439 /* AppDelegate.m */,
			);
			name = Classes;
			sourceTree = "<group>";
		};
		90310347146AAB4D00BD3439 /* Plugins */ = {
			isa = PBXGroup;
			children = (
				90310348146AAB4D00BD3439 /* README */,
			);
			name = Plugins;
			sourceTree = "<group>";
		};
		9031034E146AAC9000BD3439 /* www */ = {
			isa = PBXGroup;
			children = (
				9031034F146AAC9000BD3439 /* index.html */,
				90310350146AAC9000BD3439 /* phonegap-1.2.0.js */,
			);
			path = www;
			sourceTree = SOURCE_ROOT;
		};
/* End PBXGroup section */

/* Begin PBXNativeTarget section */
		90310300146AAB4D00BD3439 /* PhoneGapPOC */ = {
			isa = PBXNativeTarget;
			buildConfigurationList = 9031034B146AAB4D00BD3439 /* Build configuration list for PBXNativeTarget "PhoneGapPOC" */;
			buildPhases = (
				903102FA146AAB4D00BD3439 /* Sources */,
				903102FB146AAB4D00BD3439 /* Frameworks */,
				903102FC146AAB4D00BD3439 /* Resources */,
				903102FD146AAB4D00BD3439 /* Sources */,
				903102FE146AAB4D00BD3439 /* Frameworks */,
				903102FF146AAB4D00BD3439 /* ShellScript */,
			);
			buildRules = (
			);
			dependencies = (
			);
			name = PhoneGapPOC;
			productName = PhoneGapPOC;
			productReference = 90310301146AAB4D00BD3439 /* PhoneGapPOC.app */;
			productType = "com.apple.product-type.application";
		};
/* End PBXNativeTarget section */

/* Begin PBXProject section */
		903102F5146AAB4D00BD3439 /* Project object */ = {
			isa = PBXProject;
			attributes = {
				LastUpgradeCheck = 0420;
			};
			buildConfigurationList = 903102F8146AAB4D00BD3439 /* Build configuration list for PBXProject "PhoneGapPOC" */;
			compatibilityVersion = "Xcode 3.2";
			developmentRegion = English;
			hasScannedForEncodings = 0;
			knownRegions = (
				en,
				es,
			);
			mainGroup = 903102F3146AAB4D00BD3439;
			productRefGroup = 90310302146AAB4D00BD3439 /* Products */;
			projectDirPath = "";
			projectRoot = "";
			targets = (
				90310300146AAB4D00BD3439 /* PhoneGapPOC */,
			);
		};
/* End PBXProject section */

/* Begin PBXResourcesBuildPhase section */
		903102FC146AAB4D00BD3439 /* Resources */ = {
			isa = PBXResourcesBuildPhase;
			buildActionMask = 2147483647;
			files = (
				90310324146AAB4D00BD3439 /* InfoPlist.strings in Resources */,
				9031032E146AAB4D00BD3439 /* Localizable.strings in Resources */,
				90310332146AAB4D00BD3439 /* Localizable.strings in Resources */,
				90310335146AAB4D00BD3439 /* icon.png in Resources */,
				90310337146AAB4D00BD3439 /* icon@2x.png in Resources */,
				90310339146AAB4D00BD3439 /* icon-72.png in Resources */,
				9031033C146AAB4D00BD3439 /* Default.png in Resources */,
				9031033E146AAB4D00BD3439 /* Default@2x.png in Resources */,
				90310340146AAB4D00BD3439 /* Capture.bundle in Resources */,
				90310342146AAB4D00BD3439 /* PhoneGap.plist in Resources */,
				90310351146AAC9000BD3439 /* index.html in Resources */,
			);
			runOnlyForDeploymentPostprocessing = 0;
		};
/* End PBXResourcesBuildPhase section */

/* Begin PBXShellScriptBuildPhase section */
		903102FF146AAB4D00BD3439 /* ShellScript */ = {
			isa = PBXShellScriptBuildPhase;
			buildActionMask = 2147483647;
			files = (
			);
			inputPaths = (
			);
			outputPaths = (
			);
			runOnlyForDeploymentPostprocessing = 0;
			shellPath = /bin/bash;
			shellScript = "\n\t\t\t\t\t\t\t\tif [ ! -d \"$PROJECT_DIR/www\" ] ; then\n\t\t\t\t\t\t\t\t\tcp -R /Users/Shared/PhoneGap/Frameworks/PhoneGap.framework/www \"$PROJECT_DIR\"\n\t\t\t\t\t\t\t\tfi\n\t\t\t\t\t\t\t\t# detect www folder reference in project, if missing, print warning\n\t\t\t\t\t\t\t\tgrep \"{isa = PBXFileReference; lastKnownFileType = folder; path = www; sourceTree = \\\"<group>\\\"; };\" \"$PROJECT_DIR/$PROJECT_NAME.xcodeproj/project.pbxproj\"\n\t\t\t\t\t\t\t\trc=$? \n\t\t\t\t\t\t\t\tif [ $rc != 0 ] ; then\n\t\t\t\t\t\t\t\techo -e \"warning: Missing - Add $PROJECT_DIR/www as a folder reference in your project. Just drag and drop the folder into your project, into the Project Navigator of Xcode 4. Make sure you select the second radio-button: 'Create folder references for any added folders' (which will create a blue folder)\" 1>&2\n\t\t\t\t\t\t\t\tfi\t\t\t\t\t\t\t";
		};
/* End PBXShellScriptBuildPhase section */

/* Begin PBXSourcesBuildPhase section */
		903102FA146AAB4D00BD3439 /* Sources */ = {
			isa = PBXSourcesBuildPhase;
			buildActionMask = 2147483647;
			files = (
				90310326146AAB4D00BD3439 /* main.m in Sources */,
				90310346146AAB4D00BD3439 /* AppDelegate.m in Sources */,
				90310352146AAC9000BD3439 /* phonegap-1.2.0.js in Sources */,
			);
			runOnlyForDeploymentPostprocessing = 0;
		};
		903102FD146AAB4D00BD3439 /* Sources */ = {
			isa = PBXSourcesBuildPhase;
			buildActionMask = 2147483647;
			files = (
			);
			runOnlyForDeploymentPostprocessing = 0;
		};
/* End PBXSourcesBuildPhase section */

/* Begin PBXVariantGroup section */
		90310322146AAB4D00BD3439 /* InfoPlist.strings */ = {
			isa = PBXVariantGroup;
			children = (
				90310323146AAB4D00BD3439 /* en */,
			);
			name = InfoPlist.strings;
			sourceTree = "<group>";
		};
		9031032C146AAB4D00BD3439 /* Localizable.strings */ = {
			isa = PBXVariantGroup;
			children = (
				9031032D146AAB4D00BD3439 /* en */,
			);
			name = Localizable.strings;
			sourceTree = "<group>";
		};
		90310330146AAB4D00BD3439 /* Localizable.strings */ = {
			isa = PBXVariantGroup;
			children = (
				90310331146AAB4D00BD3439 /* es */,
			);
			name = Localizable.strings;
			sourceTree = "<group>";
		};
/* End PBXVariantGroup section */

/* Begin XCBuildConfiguration section */
		90310349146AAB4D00BD3439 /* Debug */ = {
			isa = XCBuildConfiguration;
			buildSettings = {
				ALWAYS_SEARCH_USER_PATHS = NO;
				ARCHS = "$(ARCHS_STANDARD_32_BIT)";
				CLANG_ENABLE_OBJC_ARC = YES;
				"CODE_SIGN_IDENTITY[sdk=iphoneos*]" = "iPhone Developer";
				COPY_PHASE_STRIP = NO;
				GCC_C_LANGUAGE_STANDARD = gnu99;
				GCC_DYNAMIC_NO_PIC = NO;
				GCC_OPTIMIZATION_LEVEL = 0;
				GCC_PREPROCESSOR_DEFINITIONS = (
					"DEBUG=1",
					"$(inherited)",
				);
				GCC_SYMBOLS_PRIVATE_EXTERN = NO;
				GCC_VERSION = com.apple.compilers.llvmgcc42;
				GCC_WARN_ABOUT_MISSING_PROTOTYPES = YES;
				GCC_WARN_ABOUT_RETURN_TYPE = YES;
				GCC_WARN_UNUSED_VARIABLE = YES;
				IPHONEOS_DEPLOYMENT_TARGET = 3.0;
				SDKROOT = iphoneos;
			};
			name = Debug;
		};
		9031034A146AAB4D00BD3439 /* Release */ = {
			isa = XCBuildConfiguration;
			buildSettings = {
				ALWAYS_SEARCH_USER_PATHS = NO;
				ARCHS = "$(ARCHS_STANDARD_32_BIT)";
				CLANG_ENABLE_OBJC_ARC = YES;
				"CODE_SIGN_IDENTITY[sdk=iphoneos*]" = "iPhone Developer";
				COPY_PHASE_STRIP = YES;
				GCC_C_LANGUAGE_STANDARD = gnu99;
				GCC_VERSION = com.apple.compilers.llvmgcc42;
				GCC_WARN_ABOUT_MISSING_PROTOTYPES = YES;
				GCC_WARN_ABOUT_RETURN_TYPE = YES;
				GCC_WARN_UNUSED_VARIABLE = YES;
				IPHONEOS_DEPLOYMENT_TARGET = 3.0;
				SDKROOT = iphoneos;
				VALIDATE_PRODUCT = YES;
			};
			name = Release;
		};
		9031034C146AAB4D00BD3439 /* Debug */ = {
			isa = XCBuildConfiguration;
			buildSettings = {
				ALWAYS_SEARCH_USER_PATHS = YES;
				COPY_PHASE_STRIP = NO;
				FRAMEWORK_SEARCH_PATHS = /Users/Shared/PhoneGap/Frameworks;
				GCC_DYNAMIC_NO_PIC = NO;
				GCC_PRECOMPILE_PREFIX_HEADER = YES;
				GCC_PREFIX_HEADER = "PhoneGapPOC/PhoneGapPOC-Prefix.pch";
				GCC_PREPROCESSOR_DEFINITIONS = "PHONEGAP_FRAMEWORK=YES";
				INFOPLIST_FILE = "PhoneGapPOC/PhoneGapPOC-Info.plist";
				OTHER_LDFLAGS = (
					"-weak_framework",
					UIKit,
					"-weak_framework",
					AVFoundation,
					"-weak_framework",
					CoreMedia,
					"-weak_library",
					/usr/lib/libSystem.B.dylib,
				);
				PRODUCT_NAME = "$(TARGET_NAME)";
				TARGETED_DEVICE_FAMILY = "1,2";
				WRAPPER_EXTENSION = app;
			};
			name = Debug;
		};
		9031034D146AAB4D00BD3439 /* Release */ = {
			isa = XCBuildConfiguration;
			buildSettings = {
				ALWAYS_SEARCH_USER_PATHS = YES;
				COPY_PHASE_STRIP = YES;
				DEBUG_INFORMATION_FORMAT = "dwarf-with-dsym";
				FRAMEWORK_SEARCH_PATHS = /Users/Shared/PhoneGap/Frameworks;
				GCC_PRECOMPILE_PREFIX_HEADER = YES;
				GCC_PREFIX_HEADER = "PhoneGapPOC/PhoneGapPOC-Prefix.pch";
				GCC_PREPROCESSOR_DEFINITIONS = "PHONEGAP_FRAMEWORK=YES";
				INFOPLIST_FILE = "PhoneGapPOC/PhoneGapPOC-Info.plist";
				OTHER_LDFLAGS = (
					"-weak_framework",
					UIKit,
					"-weak_framework",
					AVFoundation,
					"-weak_framework",
					CoreMedia,
					"-weak_library",
					/usr/lib/libSystem.B.dylib,
				);
				PRODUCT_NAME = "$(TARGET_NAME)";
				TARGETED_DEVICE_FAMILY = "1,2";
				VALIDATE_PRODUCT = YES;
				WRAPPER_EXTENSION = app;
			};
			name = Release;
		};
/* End XCBuildConfiguration section */

/* Begin XCConfigurationList section */
		903102F8146AAB4D00BD3439 /* Build configuration list for PBXProject "PhoneGapPOC" */ = {
			isa = XCConfigurationList;
			buildConfigurations = (
				90310349146AAB4D00BD3439 /* Debug */,
				9031034A146AAB4D00BD3439 /* Release */,
			);
			defaultConfigurationIsVisible = 0;
			defaultConfigurationName = Release;
		};
		9031034B146AAB4D00BD3439 /* Build configuration list for PBXNativeTarget "PhoneGapPOC" */ = {
			isa = XCConfigurationList;
			buildConfigurations = (
				9031034C146AAB4D00BD3439 /* Debug */,
				9031034D146AAB4D00BD3439 /* Release */,
			);
			defaultConfigurationIsVisible = 0;
		};
/* End XCConfigurationList section */
	};
	rootObject = 903102F5146AAB4D00BD3439 /* Project object */;
}
